
Microsoft Visual Studio Solution File, Format Version 12.00
# Visual Studio Version 17
VisualStudioVersion = 17.3.32825.248
MinimumVisualStudioVersion = 10.0.40219.1
Project("{8BC9CEB8-8B4A-11D0-8D11-00A0C91BC942}") = "hellofuckingworld", "hellofuckingworld\hellofuckingworld.vcxproj", "{37FD8BE2-7147-4C00-8693-05CCC68F197D}"
EndProject
Global
	GlobalSection(SolutionConfigurationPlatforms) = preSolution
		Debug|x64 = Debug|x64
		Debug|x86 = Debug|x86
		Release|x64 = Release|x64
		Release|x86 = Release|x86
	EndGlobalSection
	GlobalSection(ProjectConfigurationPlatforms) = postSolution
		{37FD8BE2-7147-4C00-8693-05CCC68F197D}.Debug|x64.ActiveCfg = Debug|x64
		{37FD8BE2-7147-4C00-8693-05CCC68F197D}.Debug|x64.Build.0 = Debug|x64
		{37FD8BE2-7147-4C00-8693-05CCC68F197D}.Debug|x86.ActiveCfg = Debug|Win32
		{37FD8BE2-7147-4C00-8693-05CCC68F197D}.Debug|x86.Build.0 = Debug|Win32
		{37FD8BE2-7147-4C00-8693-05CCC68F197D}.Release|x64.ActiveCfg = Release|x64
		{37FD8BE2-7147-4C00-8693-05CCC68F197D}.Release|x64.Build.0 = Release|x64
		{37FD8BE2-7147-4C00-8693-05CCC68F197D}.Release|x86.ActiveCfg = Release|Win32
		{37FD8BE2-7147-4C00-8693-05CCC68F197D}.Release|x86.Build.0 = Release|Win32
	EndGlobalSection
	GlobalSection(SolutionProperties) = preSolution
		HideSolutionNode = FALSE
	EndGlobalSection
	GlobalSection(ExtensibilityGlobals) = postSolution
		SolutionGuid = {EB03FA4D-D228-4B93-A027-6D6AE4CB7FCE}
	EndGlobalSection
EndGlobal
